
Microsoft Visual Studio Solution File, Format Version 12.00
# Visual Studio 15
Project("{FAE04EC0-301F-11D3-BF4B-00C04F79EFBC}") = "Assembly-CSharp", "Assembly-CSharp.csproj", "{B24434EC-5000-75FA-866B-6D2957E1933F}"
EndProject
Project("{FAE04EC0-301F-11D3-BF4B-00C04F79EFBC}") = "Assembly-CSharp-Editor", "Assembly-CSharp-Editor.csproj", "{05C7649D-2C43-F594-F672-B514C8E7EA85}"
EndProject
Project("{FAE04EC0-301F-11D3-BF4B-00C04F79EFBC}") = "Assembly-CSharp", "Assembly-CSharp.Player.csproj", "{9C62A552-9347-E8CC-004B-E2FD528D2CA2}"
EndProject
Global
	GlobalSection(SolutionConfigurationPlatforms) = preSolution
		Debug|Any CPU = Debug|Any CPU
		Release|Any CPU = Release|Any CPU
	EndGlobalSection
	GlobalSection(ProjectConfigurationPlatforms) = postSolution
		{B24434EC-5000-75FA-866B-6D2957E1933F}.Debug|Any CPU.ActiveCfg = Debug|Any CPU
		{B24434EC-5000-75FA-866B-6D2957E1933F}.Debug|Any CPU.Build.0 = Debug|Any CPU
		{B24434EC-5000-75FA-866B-6D2957E1933F}.Release|Any CPU.ActiveCfg = Release|Any CPU
		{B24434EC-5000-75FA-866B-6D2957E1933F}.Release|Any CPU.Build.0 = Release|Any CPU
		{05C7649D-2C43-F594-F672-B514C8E7EA85}.Debug|Any CPU.ActiveCfg = Debug|Any CPU
		{05C7649D-2C43-F594-F672-B514C8E7EA85}.Debug|Any CPU.Build.0 = Debug|Any CPU
		{05C7649D-2C43-F594-F672-B514C8E7EA85}.Release|Any CPU.ActiveCfg = Release|Any CPU
		{05C7649D-2C43-F594-F672-B514C8E7EA85}.Release|Any CPU.Build.0 = Release|Any CPU
		{9C62A552-9347-E8CC-004B-E2FD528D2CA2}.Debug|Any CPU.ActiveCfg = Debug|Any CPU
		{9C62A552-9347-E8CC-004B-E2FD528D2CA2}.Debug|Any CPU.Build.0 = Debug|Any CPU
		{9C62A552-9347-E8CC-004B-E2FD528D2CA2}.Release|Any CPU.ActiveCfg = Release|Any CPU
		{9C62A552-9347-E8CC-004B-E2FD528D2CA2}.Release|Any CPU.Build.0 = Release|Any CPU
	EndGlobalSection
	GlobalSection(SolutionProperties) = preSolution
		HideSolutionNode = FALSE
	EndGlobalSection
EndGlobal
